
Microsoft Visual Studio Solution File, Format Version 12.00
# Visual Studio Version 17
VisualStudioVersion = 17.3.32929.385
MinimumVisualStudioVersion = 10.0.40219.1
Project("{9A19103F-16F7-4668-BE54-9A1E7A4F7556}") = "NicoMessy", "NicoMessy.csproj", "{4CC18B59-9B46-4DA7-A8BB-3B588B72E9C7}"
EndProject
Global
	GlobalSection(SolutionConfigurationPlatforms) = preSolution
		Debug|Any CPU = Debug|Any CPU
		Release|Any CPU = Release|Any CPU
	EndGlobalSection
	GlobalSection(ProjectConfigurationPlatforms) = postSolution
		{4CC18B59-9B46-4DA7-A8BB-3B588B72E9C7}.Debug|Any CPU.ActiveCfg = Debug|Any CPU
		{4CC18B59-9B46-4DA7-A8BB-3B588B72E9C7}.Debug|Any CPU.Build.0 = Debug|Any CPU
		{4CC18B59-9B46-4DA7-A8BB-3B588B72E9C7}.Release|Any CPU.ActiveCfg = Release|Any CPU
		{4CC18B59-9B46-4DA7-A8BB-3B588B72E9C7}.Release|Any CPU.Build.0 = Release|Any CPU
	EndGlobalSection
	GlobalSection(SolutionProperties) = preSolution
		HideSolutionNode = FALSE
	EndGlobalSection
	GlobalSection(ExtensibilityGlobals) = postSolution
		SolutionGuid = {395AE777-34B3-4A63-90D8-F916CCA031F4}
	EndGlobalSection
EndGlobal
